
Microsoft Visual Studio Solution File, Format Version 12.00
# Visual Studio Version 17
VisualStudioVersion = 17.12.35514.174
MinimumVisualStudioVersion = 10.0.40219.1
Project("{FAE04EC0-301F-11D3-BF4B-00C04F79EFBC}") = "MyTasker", "MyTasker.csproj", "{D448C7B1-673E-4EB0-A72F-9A53F54083E7}"
EndProject
Project("{FAE04EC0-301F-11D3-BF4B-00C04F79EFBC}") = "MyTasker.Domain", "..\MyTasker.Domain\MyTasker.Domain.csproj", "{3B47F109-C48C-485D-9F0E-3A6040961FF6}"
EndProject
Global
	GlobalSection(SolutionConfigurationPlatforms) = preSolution
		Debug|Any CPU = Debug|Any CPU
		Release|Any CPU = Release|Any CPU
	EndGlobalSection
	GlobalSection(ProjectConfigurationPlatforms) = postSolution
		{D448C7B1-673E-4EB0-A72F-9A53F54083E7}.Debug|Any CPU.ActiveCfg = Debug|Any CPU
		{D448C7B1-673E-4EB0-A72F-9A53F54083E7}.Debug|Any CPU.Build.0 = Debug|Any CPU
		{D448C7B1-673E-4EB0-A72F-9A53F54083E7}.Debug|Any CPU.Deploy.0 = Debug|Any CPU
		{D448C7B1-673E-4EB0-A72F-9A53F54083E7}.Release|Any CPU.ActiveCfg = Release|Any CPU
		{D448C7B1-673E-4EB0-A72F-9A53F54083E7}.Release|Any CPU.Build.0 = Release|Any CPU
		{3B47F109-C48C-485D-9F0E-3A6040961FF6}.Debug|Any CPU.ActiveCfg = Debug|Any CPU
		{3B47F109-C48C-485D-9F0E-3A6040961FF6}.Debug|Any CPU.Build.0 = Debug|Any CPU
		{3B47F109-C48C-485D-9F0E-3A6040961FF6}.Release|Any CPU.ActiveCfg = Release|Any CPU
		{3B47F109-C48C-485D-9F0E-3A6040961FF6}.Release|Any CPU.Build.0 = Release|Any CPU
	EndGlobalSection
	GlobalSection(SolutionProperties) = preSolution
		HideSolutionNode = FALSE
	EndGlobalSection
EndGlobal
